Microsoft Visual Studio Solution File, Format Version 12.00
# Visual Studio Version 17
VisualStudioVersion = 17.5.2.0
MinimumVisualStudioVersion = 10.0.40219.1
Project("{FAE04EC0-301F-11D3-BF4B-00C04F79EFBC}") = "jenkin_dotnet", "jenkin_dotnet.csproj", "{696BDD59-E5CA-1D72-E526-E6CAA2FCA75A}"
EndProject
Global
	GlobalSection(SolutionConfigurationPlatforms) = preSolution
		Debug|Any CPU = Debug|Any CPU
		Release|Any CPU = Release|Any CPU
	EndGlobalSection
	GlobalSection(ProjectConfigurationPlatforms) = postSolution
		{696BDD59-E5CA-1D72-E526-E6CAA2FCA75A}.Debug|Any CPU.ActiveCfg = Debug|Any CPU
		{696BDD59-E5CA-1D72-E526-E6CAA2FCA75A}.Debug|Any CPU.Build.0 = Debug|Any CPU
		{696BDD59-E5CA-1D72-E526-E6CAA2FCA75A}.Release|Any CPU.ActiveCfg = Release|Any CPU
		{696BDD59-E5CA-1D72-E526-E6CAA2FCA75A}.Release|Any CPU.Build.0 = Release|Any CPU
	EndGlobalSection
	GlobalSection(SolutionProperties) = preSolution
		HideSolutionNode = FALSE
	EndGlobalSection
	GlobalSection(ExtensibilityGlobals) = postSolution
		SolutionGuid = {7810A3FE-8B88-4A46-BE8C-B3C102FBF293}
	EndGlobalSection
EndGlobal
